uuid: f9f654d8-b754-46c8-95de-0dc7f5effb8d
langcode: en
status: true
dependencies:
  config:
    - paragraphs.paragraphs_type.webform_block
  module:
    - content_translation
third_party_settings:
  content_translation:
    enabled: false
    bundle_settings:
      untranslatable_fields_hide: '0'
id: paragraph.webform_block
target_entity_type_id: paragraph
target_bundle: webform_block
default_langcode: site_default
language_alterable: false
